// !$*UTF8*$!
{
	archiveVersion = 1;
	classes = {
	};
	objectVersion = 55;
	objects = {

/* Begin PBXBuildFile section */
		521CE44463843670004151A3 /* Pods_WeChatSDK.framework in Frameworks */ = {isa = PBXBuildFile; fileRef = 7FAE4EEAF1F9FF8904FAA2A8 /* Pods_WeChatSDK.framework */; };
		BFBC622127B5ED6900A09530 /* AppDelegate.m in Sources */ = {isa = PBXBuildFile; fileRef = BFBC622027B5ED6900A09530 /* AppDelegate.m */; };
		BFBC622727B5ED6900A09530 /* ViewController.m in Sources */ = {isa = PBXBuildFile; fileRef = BFBC622627B5ED6900A09530 /* ViewController.m */; };
		BFBC622A27B5ED6900A09530 /* Main.storyboard in Resources */ = {isa = PBXBuildFile; fileRef = BFBC622827B5ED6900A09530 /* Main.storyboard */; };
		BFBC622C27B5ED6B00A09530 /* Assets.xcassets in Resources */ = {isa = PBXBuildFile; fileRef = BFBC622B27B5ED6B00A09530 /* Assets.xcassets */; };
		BFBC622F27B5ED6B00A09530 /* LaunchScreen.storyboard in Resources */ = {isa = PBXBuildFile; fileRef = BFBC622D27B5ED6B00A09530 /* LaunchScreen.storyboard */; };
		BFBC623227B5ED6B00A09530 /* main.m in Sources */ = {isa = PBXBuildFile; fileRef = BFBC623127B5ED6B00A09530 /* main.m */; };
/* End PBXBuildFile section */

/* Begin PBXFileReference section */
		086014797432C2E52FCABC81 /* Pods-WeChatSDK.debug.xcconfig */ = {isa = PBXFileReference; includeInIndex = 1; lastKnownFileType = text.xcconfig; name = "Pods-WeChatSDK.debug.xcconfig"; path = "Target Support Files/Pods-WeChatSDK/Pods-WeChatSDK.debug.xcconfig"; sourceTree = "<group>"; };
		7FAE4EEAF1F9FF8904FAA2A8 /* Pods_WeChatSDK.framework */ = {isa = PBXFileReference; explicitFileType = wrapper.framework; includeInIndex = 0; path = Pods_WeChatSDK.framework; sourceTree = BUILT_PRODUCTS_DIR; };
		BFBC621C27B5ED6900A09530 /* WeChatSDK.app */ = {isa = PBXFileReference; explicitFileType = wrapper.application; includeInIndex = 0; path = WeChatSDK.app; sourceTree = BUILT_PRODUCTS_DIR; };
		BFBC621F27B5ED6900A09530 /* AppDelegate.h */ = {isa = PBXFileReference; lastKnownFileType = sourcecode.c.h; path = AppDelegate.h; sourceTree = "<group>"; };
		BFBC622027B5ED6900A09530 /* AppDelegate.m */ = {isa = PBXFileReference; lastKnownFileType = sourcecode.c.objc; path = AppDelegate.m; sourceTree = "<group>"; };
		BFBC622527B5ED6900A09530 /* ViewController.h */ = {isa = PBXFileReference; lastKnownFileType = sourcecode.c.h; path = ViewController.h; sourceTree = "<group>"; };
		BFBC622627B5ED6900A09530 /* ViewController.m */ = {isa = PBXFileReference; lastKnownFileType = sourcecode.c.objc; path = ViewController.m; sourceTree = "<group>"; };
		BFBC622927B5ED6900A09530 /* Base */ = {isa = PBXFileReference; lastKnownFileType = file.storyboard; name = Base; path = Base.lproj/Main.storyboard; sourceTree = "<group>"; };
		BFBC622B27B5ED6B00A09530 /* Assets.xcassets */ = {isa = PBXFileReference; lastKnownFileType = folder.assetcatalog; path = Assets.xcassets; sourceTree = "<group>"; };
		BFBC622E27B5ED6B00A09530 /* Base */ = {isa = PBXFileReference; lastKnownFileType = file.storyboard; name = Base; path = Base.lproj/LaunchScreen.storyboard; sourceTree = "<group>"; };
		BFBC623027B5ED6B00A09530 /* Info.plist */ = {isa = PBXFileReference; lastKnownFileType = text.plist.xml; path = Info.plist; sourceTree = "<group>"; };
		BFBC623127B5ED6B00A09530 /* main.m */ = {isa = PBXFileReference; lastKnownFileType = sourcecode.c.objc; path = main.m; sourceTree = "<group>"; };
		D336EE52E0948F67E0C105DD /* Pods-WeChatSDK.release.xcconfig */ = {isa = PBXFileReference; includeInIndex = 1; lastKnownFileType = text.xcconfig; name = "Pods-WeChatSDK.release.xcconfig"; path = "Target Support Files/Pods-WeChatSDK/Pods-WeChatSDK.release.xcconfig"; sourceTree = "<group>"; };
/* End PBXFileReference section */

/* Begin PBXFrameworksBuildPhase section */
		BFBC621927B5ED6900A09530 /* Frameworks */ = {
			isa = PBXFrameworksBuildPhase;
			buildActionMask = 2147483647;
			files = (
				521CE44463843670004151A3 /* Pods_WeChatSDK.framework in Frameworks */,
			);
			runOnlyForDeploymentPostprocessing = 0;
		};
/* End PBXFrameworksBuildPhase section */

/* Begin PBXGroup section */
		2F03F78A94A4286686B91D2A /* Frameworks */ = {
			isa = PBXGroup;
			children = (
				7FAE4EEAF1F9FF8904FAA2A8 /* Pods_WeChatSDK.framework */,
			);
			name = Frameworks;
			sourceTree = "<group>";
		};
		61E9CB5D6AD5884995FFC8AD /* Pods */ = {
			isa = PBXGroup;
			children = (
				086014797432C2E52FCABC81 /* Pods-WeChatSDK.debug.xcconfig */,
				D336EE52E0948F67E0C105DD /* Pods-WeChatSDK.release.xcconfig */,
			);
			name = Pods;
			path = Pods;
			sourceTree = "<group>";
		};
		BFBC621327B5ED6900A09530 = {
			isa = PBXGroup;
			children = (
				BFBC621E27B5ED6900A09530 /* WeChatSDK */,
				BFBC621D27B5ED6900A09530 /* Products */,
				61E9CB5D6AD5884995FFC8AD /* Pods */,
				2F03F78A94A4286686B91D2A /* Frameworks */,
			);
			sourceTree = "<group>";
		};
		BFBC621D27B5ED6900A09530 /* Products */ = {
			isa = PBXGroup;
			children = (
				BFBC621C27B5ED6900A09530 /* WeChatSDK.app */,
			);
			name = Products;
			sourceTree = "<group>";
		};
		BFBC621E27B5ED6900A09530 /* WeChatSDK */ = {
			isa = PBXGroup;
			children = (
				BFBC621F27B5ED6900A09530 /* AppDelegate.h */,
				BFBC622027B5ED6900A09530 /* AppDelegate.m */,
				BFBC622527B5ED6900A09530 /* ViewController.h */,
				BFBC622627B5ED6900A09530 /* ViewController.m */,
				BFBC622827B5ED6900A09530 /* Main.storyboard */,
				BFBC622B27B5ED6B00A09530 /* Assets.xcassets */,
				BFBC622D27B5ED6B00A09530 /* LaunchScreen.storyboard */,
				BFBC623027B5ED6B00A09530 /* Info.plist */,
				BFBC623127B5ED6B00A09530 /* main.m */,
			);
			path = WeChatSDK;
			sourceTree = "<group>";
		};
/* End PBXGroup section */

/* Begin PBXNativeTarget section */
		BFBC621B27B5ED6900A09530 /* WeChatSDK */ = {
			isa = PBXNativeTarget;
			buildConfigurationList = BFBC623527B5ED6B00A09530 /* Build configuration list for PBXNativeTarget "WeChatSDK" */;
			buildPhases = (
				DB23C2E7FC5FE354D92DD761 /* [CP] Check Pods Manifest.lock */,
				BFBC621827B5ED6900A09530 /* Sources */,
				BFBC621927B5ED6900A09530 /* Frameworks */,
				BFBC621A27B5ED6900A09530 /* Resources */,
			);
			buildRules = (
			);
			dependencies = (
			);
			name = WeChatSDK;
			productName = WeChatSDK;
			productReference = BFBC621C27B5ED6900A09530 /* WeChatSDK.app */;
			productType = "com.apple.product-type.application";
		};
/* End PBXNativeTarget section */

/* Begin PBXProject section */
		BFBC621427B5ED6900A09530 /* Project object */ = {
			isa = PBXProject;
			attributes = {
				BuildIndependentTargetsInParallel = 1;
				LastUpgradeCheck = 1300;
				TargetAttributes = {
					BFBC621B27B5ED6900A09530 = {
						CreatedOnToolsVersion = 13.0;
					};
				};
			};
			buildConfigurationList = BFBC621727B5ED6900A09530 /* Build configuration list for PBXProject "WeChatSDK" */;
			compatibilityVersion = "Xcode 13.0";
			developmentRegion = en;
			hasScannedForEncodings = 0;
			knownRegions = (
				en,
				Base,
			);
			mainGroup = BFBC621327B5ED6900A09530;
			productRefGroup = BFBC621D27B5ED6900A09530 /* Products */;
			projectDirPath = "";
			projectRoot = "";
			targets = (
				BFBC621B27B5ED6900A09530 /* WeChatSDK */,
			);
		};
/* End PBXProject section */

/* Begin PBXResourcesBuildPhase section */
		BFBC621A27B5ED6900A09530 /* Resources */ = {
			isa = PBXResourcesBuildPhase;
			buildActionMask = 2147483647;
			files = (
				BFBC622F27B5ED6B00A09530 /* LaunchScreen.storyboard in Resources */,
				BFBC622C27B5ED6B00A09530 /* Assets.xcassets in Resources */,
				BFBC622A27B5ED6900A09530 /* Main.storyboard in Resources */,
			);
			runOnlyForDeploymentPostprocessing = 0;
		};
/* End PBXResourcesBuildPhase section */

/* Begin PBXShellScriptBuildPhase section */
		DB23C2E7FC5FE354D92DD761 /* [CP] Check Pods Manifest.lock */ = {
			isa = PBXShellScriptBuildPhase;
			buildActionMask = 2147483647;
			files = (
			);
			inputFileListPaths = (
			);
			inputPaths = (
				"${PODS_PODFILE_DIR_PATH}/Podfile.lock",
				"${PODS_ROOT}/Manifest.lock",
			);
			name = "[CP] Check Pods Manifest.lock";
			outputFileListPaths = (
			);
			outputPaths = (
				"$(DERIVED_FILE_DIR)/Pods-WeChatSDK-checkManifestLockResult.txt",
			);
			runOnlyForDeploymentPostprocessing = 0;
			shellPath = /bin/sh;
			shellScript = "diff \"${PODS_PODFILE_DIR_PATH}/Podfile.lock\" \"${PODS_ROOT}/Manifest.lock\" > /dev/null\nif [ $? != 0 ] ; then\n    # print error to STDERR\n    echo \"error: The sandbox is not in sync with the Podfile.lock. Run 'pod install' or update your CocoaPods installation.\" >&2\n    exit 1\nfi\n# This output is used by Xcode 'outputs' to avoid re-running this script phase.\necho \"SUCCESS\" > \"${SCRIPT_OUTPUT_FILE_0}\"\n";
			showEnvVarsInLog = 0;
		};
/* End PBXShellScriptBuildPhase section */

/* Begin PBXSourcesBuildPhase section */
		BFBC621827B5ED6900A09530 /* Sources */ = {
			isa = PBXSourcesBuildPhase;
			buildActionMask = 2147483647;
			files = (
				BFBC622727B5ED6900A09530 /* ViewController.m in Sources */,
				BFBC622127B5ED6900A09530 /* AppDelegate.m in Sources */,
				BFBC623227B5ED6B00A09530 /* main.m in Sources */,
			);
			runOnlyForDeploymentPostprocessing = 0;
		};
/* End PBXSourcesBuildPhase section */

/* Begin PBXVariantGroup section */
		BFBC622827B5ED6900A09530 /* Main.storyboard */ = {
			isa = PBXVariantGroup;
			children = (
				BFBC622927B5ED6900A09530 /* Base */,
			);
			name = Main.storyboard;
			sourceTree = "<group>";
		};
		BFBC622D27B5ED6B00A09530 /* LaunchScreen.storyboard */ = {
			isa = PBXVariantGroup;
			children = (
				BFBC622E27B5ED6B00A09530 /* Base */,
			);
			name = LaunchScreen.storyboard;
			sourceTree = "<group>";
		};
/* End PBXVariantGroup section */

/* Begin XCBuildConfiguration section */
		BFBC623327B5ED6B00A09530 /* Debug */ = {
			isa = XCBuildConfiguration;
			buildSettings = {
				ALWAYS_SEARCH_USER_PATHS = NO;
				CLANG_ANALYZER_NONNULL = YES;
				CLANG_ANALYZER_NUMBER_OBJECT_CONVERSION = YES_AGGRESSIVE;
				CLANG_CXX_LANGUAGE_STANDARD = "gnu++17";
				CLANG_CXX_LIBRARY = "libc++";
				CLANG_ENABLE_MODULES = YES;
				CLANG_ENABLE_OBJC_ARC = YES;
				CLANG_ENABLE_OBJC_WEAK = YES;
				CLANG_WARN_BLOCK_CAPTURE_AUTORELEASING = YES;
				CLANG_WARN_BOOL_CONVERSION = YES;
				CLANG_WARN_COMMA = YES;
				CLANG_WARN_CONSTANT_CONVERSION = YES;
				CLANG_WARN_DEPRECATED_OBJC_IMPLEMENTATIONS = YES;
				CLANG_WARN_DIRECT_OBJC_ISA_USAGE = YES_ERROR;
				CLANG_WARN_DOCUMENTATION_COMMENTS = YES;
				CLANG_WARN_EMPTY_BODY = YES;
				CLANG_WARN_ENUM_CONVERSION = YES;
				CLANG_WARN_INFINITE_RECURSION = YES;
				CLANG_WARN_INT_CONVERSION = YES;
				CLANG_WARN_NON_LITERAL_NULL_CONVERSION = YES;
				CLANG_WARN_OBJC_IMPLICIT_RETAIN_SELF = YES;
				CLANG_WARN_OBJC_LITERAL_CONVERSION = YES;
				CLANG_WARN_OBJC_ROOT_CLASS = YES_ERROR;
				CLANG_WARN_QUOTED_INCLUDE_IN_FRAMEWORK_HEADER = YES;
				CLANG_WARN_RANGE_LOOP_ANALYSIS = YES;
				CLANG_WARN_STRICT_PROTOTYPES = YES;
				CLANG_WARN_SUSPICIOUS_MOVE = YES;
				CLANG_WARN_UNGUARDED_AVAILABILITY = YES_AGGRESSIVE;
				CLANG_WARN_UNREACHABLE_CODE = YES;
				CLANG_WARN__DUPLICATE_METHOD_MATCH = YES;
				COPY_PHASE_STRIP = NO;
				DEBUG_INFORMATION_FORMAT = dwarf;
				ENABLE_STRICT_OBJC_MSGSEND = YES;
				ENABLE_TESTABILITY = YES;
				GCC_C_LANGUAGE_STANDARD = gnu11;
				GCC_DYNAMIC_NO_PIC = NO;
				GCC_NO_COMMON_BLOCKS = YES;
				GCC_OPTIMIZATION_LEVEL = 0;
				GCC_PREPROCESSOR_DEFINITIONS = (
					"DEBUG=1",
					"$(inherited)",
				);
				GCC_WARN_64_TO_32_BIT_CONVERSION = YES;
				GCC_WARN_ABOUT_RETURN_TYPE = YES_ERROR;
				GCC_WARN_UNDECLARED_SELECTOR = YES;
				GCC_WARN_UNINITIALIZED_AUTOS = YES_AGGRESSIVE;
				GCC_WARN_UNUSED_FUNCTION = YES;
				GCC_WARN_UNUSED_VARIABLE = YES;
				IPHONEOS_DEPLOYMENT_TARGET = 15.0;
				MTL_ENABLE_DEBUG_INFO = INCLUDE_SOURCE;
				MTL_FAST_MATH = YES;
				ONLY_ACTIVE_ARCH = YES;
				SDKROOT = iphoneos;
			};
			name = Debug;
		};
		BFBC623427B5ED6B00A09530 /* Release */ = {
			isa = XCBuildConfiguration;
			buildSettings = {
				ALWAYS_SEARCH_USER_PATHS = NO;
				CLANG_ANALYZER_NONNULL = YES;
				CLANG_ANALYZER_NUMBER_OBJECT_CONVERSION = YES_AGGRESSIVE;
				CLANG_CXX_LANGUAGE_STANDARD = "gnu++17";
				CLANG_CXX_LIBRARY = "libc++";
				CLANG_ENABLE_MODULES = YES;
				CLANG_ENABLE_OBJC_ARC = YES;
				CLANG_ENABLE_OBJC_WEAK = YES;
				CLANG_WARN_BLOCK_CAPTURE_AUTORELEASING = YES;
				CLANG_WARN_BOOL_CONVERSION = YES;
				CLANG_WARN_COMMA = YES;
				CLANG_WARN_CONSTANT_CONVERSION = YES;
				CLANG_WARN_DEPRECATED_OBJC_IMPLEMENTATIONS = YES;
				CLANG_WARN_DIRECT_OBJC_ISA_USAGE = YES_ERROR;
				CLANG_WARN_DOCUMENTATION_COMMENTS = YES;
				CLANG_WARN_EMPTY_BODY = YES;
				CLANG_WARN_ENUM_CONVERSION = YES;
				CLANG_WARN_INFINITE_RECURSION = YES;
				CLANG_WARN_INT_CONVERSION = YES;
				CLANG_WARN_NON_LITERAL_NULL_CONVERSION = YES;
				CLANG_WARN_OBJC_IMPLICIT_RETAIN_SELF = YES;
				CLANG_WARN_OBJC_LITERAL_CONVERSION = YES;
				CLANG_WARN_OBJC_ROOT_CLASS = YES_ERROR;
				CLANG_WARN_QUOTED_INCLUDE_IN_FRAMEWORK_HEADER = YES;
				CLANG_WARN_RANGE_LOOP_ANALYSIS = YES;
				CLANG_WARN_STRICT_PROTOTYPES = YES;
				CLANG_WARN_SUSPICIOUS_MOVE = YES;
				CLANG_WARN_UNGUARDED_AVAILABILITY = YES_AGGRESSIVE;
				CLANG_WARN_UNREACHABLE_CODE = YES;
				CLANG_WARN__DUPLICATE_METHOD_MATCH = YES;
				COPY_PHASE_STRIP = NO;
				DEBUG_INFORMATION_FORMAT = "dwarf-with-dsym";
				ENABLE_NS_ASSERTIONS = NO;
				ENABLE_STRICT_OBJC_MSGSEND = YES;
				GCC_C_LANGUAGE_STANDARD = gnu11;
				GCC_NO_COMMON_BLOCKS = YES;
				GCC_WARN_64_TO_32_BIT_CONVERSION = YES;
				GCC_WARN_ABOUT_RETURN_TYPE = YES_ERROR;
				GCC_WARN_UNDECLARED_SELECTOR = YES;
				GCC_WARN_UNINITIALIZED_AUTOS = YES_AGGRESSIVE;
				GCC_WARN_UNUSED_FUNCTION = YES;
				GCC_WARN_UNUSED_VARIABLE = YES;
				IPHONEOS_DEPLOYMENT_TARGET = 15.0;
				MTL_ENABLE_DEBUG_INFO = NO;
				MTL_FAST_MATH = YES;
				SDKROOT = iphoneos;
				VALIDATE_PRODUCT = YES;
			};
			name = Release;
		};
		BFBC623627B5ED6B00A09530 /* Debug */ = {
			isa = XCBuildConfiguration;
			baseConfigurationReference = 086014797432C2E52FCABC81 /* Pods-WeChatSDK.debug.xcconfig */;
			buildSettings = {
				ASSETCATALOG_COMPILER_APPICON_NAME = AppIcon;
				ASSETCATALOG_COMPILER_GLOBAL_ACCENT_COLOR_NAME = AccentColor;
				CODE_SIGN_STYLE = Automatic;
				CURRENT_PROJECT_VERSION = 1;
				GENERATE_INFOPLIST_FILE = YES;
				INFOPLIST_FILE = WeChatSDK/Info.plist;
				INFOPLIST_KEY_UIApplicationSupportsIndirectInputEvents = YES;
				INFOPLIST_KEY_UILaunchStoryboardName = LaunchScreen;
				INFOPLIST_KEY_UIMainStoryboardFile = Main;
				INFOPLIST_KEY_UISupportedInterfaceOrientations_iPad = "UIInterfaceOrientationPortrait UIInterfaceOrientationPortraitUpsideDown UIInterfaceOrientationLandscapeLeft UIInterfaceOrientationLandscapeRight";
				INFOPLIST_KEY_UISupportedInterfaceOrientations_iPhone = "UIInterfaceOrientationPortrait UIInterfaceOrientationLandscapeLeft UIInterfaceOrientationLandscapeRight";
				IPHONEOS_DEPLOYMENT_TARGET = 12.0;
				LD_RUNPATH_SEARCH_PATHS = (
					"$(inherited)",
					"@executable_path/Frameworks",
				);
				MARKETING_VERSION = 1.0;
				PRODUCT_BUNDLE_IDENTIFIER = com.galaxy.WeChatSDK;
				PRODUCT_NAME = "$(TARGET_NAME)";
				SWIFT_EMIT_LOC_STRINGS = YES;
				TARGETED_DEVICE_FAMILY = "1,2";
			};
			name = Debug;
		};
		BFBC623727B5ED6B00A09530 /* Release */ = {
			isa = XCBuildConfiguration;
			baseConfigurationReference = D336EE52E0948F67E0C105DD /* Pods-WeChatSDK.release.xcconfig */;
			buildSettings = {
				ASSETCATALOG_COMPILER_APPICON_NAME = AppIcon;
				ASSETCATALOG_COMPILER_GLOBAL_ACCENT_COLOR_NAME = AccentColor;
				CODE_SIGN_STYLE = Automatic;
				CURRENT_PROJECT_VERSION = 1;
				GENERATE_INFOPLIST_FILE = YES;
				INFOPLIST_FILE = WeChatSDK/Info.plist;
				INFOPLIST_KEY_UIApplicationSupportsIndirectInputEvents = YES;
				INFOPLIST_KEY_UILaunchStoryboardName = LaunchScreen;
				INFOPLIST_KEY_UIMainStoryboardFile = Main;
				INFOPLIST_KEY_UISupportedInterfaceOrientations_iPad = "UIInterfaceOrientationPortrait UIInterfaceOrientationPortraitUpsideDown UIInterfaceOrientationLandscapeLeft UIInterfaceOrientationLandscapeRight";
				INFOPLIST_KEY_UISupportedInterfaceOrientations_iPhone = "UIInterfaceOrientationPortrait UIInterfaceOrientationLandscapeLeft UIInterfaceOrientationLandscapeRight";
				IPHONEOS_DEPLOYMENT_TARGET = 12.0;
				LD_RUNPATH_SEARCH_PATHS = (
					"$(inherited)",
					"@executable_path/Frameworks",
				);
				MARKETING_VERSION = 1.0;
				PRODUCT_BUNDLE_IDENTIFIER = com.galaxy.WeChatSDK;
				PRODUCT_NAME = "$(TARGET_NAME)";
				SWIFT_EMIT_LOC_STRINGS = YES;
				TARGETED_DEVICE_FAMILY = "1,2";
			};
			name = Release;
		};
/* End XCBuildConfiguration section */

/* Begin XCConfigurationList section */
		BFBC621727B5ED6900A09530 /* Build configuration list for PBXProject "WeChatSDK" */ = {
			isa = XCConfigurationList;
			buildConfigurations = (
				BFBC623327B5ED6B00A09530 /* Debug */,
				BFBC623427B5ED6B00A09530 /* Release */,
			);
			defaultConfigurationIsVisible = 0;
			defaultConfigurationName = Release;
		};
		BFBC623527B5ED6B00A09530 /* Build configuration list for PBXNativeTarget "WeChatSDK" */ = {
			isa = XCConfigurationList;
			buildConfigurations = (
				BFBC623627B5ED6B00A09530 /* Debug */,
				BFBC623727B5ED6B00A09530 /* Release */,
			);
			defaultConfigurationIsVisible = 0;
			defaultConfigurationName = Release;
		};
/* End XCConfigurationList section */
	};
	rootObject = BFBC621427B5ED6900A09530 /* Project object */;
}
