PODS:
  - WechatOpenSDK-Full (1.9.2)

DEPENDENCIES:
  - WechatOpenSDK-Full (from `https://github.com/liujunliuhong/WechatOpenSDK.git`)

EXTERNAL SOURCES:
  WechatOpenSDK-Full:
    :git: https://github.com/liujunliuhong/WechatOpenSDK.git

CHECKOUT OPTIONS:
  WechatOpenSDK-Full:
    :commit: 2bffa7100d0f840d9a6fb005d8a1f9b226299264
    :git: https://github.com/liujunliuhong/WechatOpenSDK.git

SPEC CHECKSUMS:
  WechatOpenSDK-Full: f4396a62906ec3ac575a38a0199259635f00907d

PODFILE CHECKSUM: cf352b20aef74d0ace4eb266f31764135b36cf38

COCOAPODS: 1.11.2
